// !$*UTF8*$!
{
	archiveVersion = 1;
	classes = {
	};
	objectVersion = 50;
	objects = {

/* Begin PBXBuildFile section */
		770D157421F86E2B005A6B40 /* Doctor.storyboard in Resources */ = {isa = PBXBuildFile; fileRef = 770D157321F86E2B005A6B40 /* Doctor.storyboard */; };
		7B2878AE21F710EC005B850A /* AppDelegate.swift in Sources */ = {isa = PBXBuildFile; fileRef = 7B2878AD21F710EC005B850A /* AppDelegate.swift */; };
		7B2878B021F710EC005B850A /* SignInVC.swift in Sources */ = {isa = PBXBuildFile; fileRef = 7B2878AF21F710EC005B850A /* SignInVC.swift */; };
		7B2878B321F710EC005B850A /* Main.storyboard in Resources */ = {isa = PBXBuildFile; fileRef = 7B2878B121F710EC005B850A /* Main.storyboard */; };
		7B2878B621F710EC005B850A /* Medics.xcdatamodeld in Sources */ = {isa = PBXBuildFile; fileRef = 7B2878B421F710EC005B850A /* Medics.xcdatamodeld */; };
		7B2878B821F710F1005B850A /* Assets.xcassets in Resources */ = {isa = PBXBuildFile; fileRef = 7B2878B721F710F1005B850A /* Assets.xcassets */; };
		7B2878BB21F710F1005B850A /* LaunchScreen.storyboard in Resources */ = {isa = PBXBuildFile; fileRef = 7B2878B921F710F1005B850A /* LaunchScreen.storyboard */; };
		7B2878C321F76786005B850A /* ContinueVC.swift in Sources */ = {isa = PBXBuildFile; fileRef = 7B2878C221F76786005B850A /* ContinueVC.swift */; };
		7B3A06AD21F8677300405C52 /* SignUpVC.swift in Sources */ = {isa = PBXBuildFile; fileRef = 7B3A06AC21F8677300405C52 /* SignUpVC.swift */; };
		7B3A06AF21F8680D00405C52 /* ResetPasswordVC.swift in Sources */ = {isa = PBXBuildFile; fileRef = 7B3A06AE21F8680D00405C52 /* ResetPasswordVC.swift */; };
		7B3A06B121F8AF0A00405C52 /* CalendarViewController.swift in Sources */ = {isa = PBXBuildFile; fileRef = 7B3A06B021F8AF0A00405C52 /* CalendarViewController.swift */; };
/* End PBXBuildFile section */

/* Begin PBXFileReference section */
		770D157321F86E2B005A6B40 /* Doctor.storyboard */ = {isa = PBXFileReference; lastKnownFileType = file.storyboard; path = Doctor.storyboard; sourceTree = "<group>"; };
		7B2878AA21F710EC005B850A /* Medics.app */ = {isa = PBXFileReference; explicitFileType = wrapper.application; includeInIndex = 0; path = Medics.app; sourceTree = BUILT_PRODUCTS_DIR; };
		7B2878AD21F710EC005B850A /* AppDelegate.swift */ = {isa = PBXFileReference; lastKnownFileType = sourcecode.swift; path = AppDelegate.swift; sourceTree = "<group>"; };
		7B2878AF21F710EC005B850A /* SignInVC.swift */ = {isa = PBXFileReference; lastKnownFileType = sourcecode.swift; path = SignInVC.swift; sourceTree = "<group>"; };
		7B2878B221F710EC005B850A /* Base */ = {isa = PBXFileReference; lastKnownFileType = file.storyboard; name = Base; path = Base.lproj/Main.storyboard; sourceTree = "<group>"; };
		7B2878B521F710EC005B850A /* Medics.xcdatamodel */ = {isa = PBXFileReference; lastKnownFileType = wrapper.xcdatamodel; path = Medics.xcdatamodel; sourceTree = "<group>"; };
		7B2878B721F710F1005B850A /* Assets.xcassets */ = {isa = PBXFileReference; lastKnownFileType = folder.assetcatalog; path = Assets.xcassets; sourceTree = "<group>"; };
		7B2878BA21F710F1005B850A /* Base */ = {isa = PBXFileReference; lastKnownFileType = file.storyboard; name = Base; path = Base.lproj/LaunchScreen.storyboard; sourceTree = "<group>"; };
		7B2878BC21F710F1005B850A /* Info.plist */ = {isa = PBXFileReference; lastKnownFileType = text.plist.xml; path = Info.plist; sourceTree = "<group>"; };
		7B2878C221F76786005B850A /* ContinueVC.swift */ = {isa = PBXFileReference; lastKnownFileType = sourcecode.swift; path = ContinueVC.swift; sourceTree = "<group>"; };
		7B3A06AC21F8677300405C52 /* SignUpVC.swift */ = {isa = PBXFileReference; lastKnownFileType = sourcecode.swift; path = SignUpVC.swift; sourceTree = "<group>"; };
		7B3A06AE21F8680D00405C52 /* ResetPasswordVC.swift */ = {isa = PBXFileReference; lastKnownFileType = sourcecode.swift; path = ResetPasswordVC.swift; sourceTree = "<group>"; };
		7B3A06B021F8AF0A00405C52 /* CalendarViewController.swift */ = {isa = PBXFileReference; lastKnownFileType = sourcecode.swift; path = CalendarViewController.swift; sourceTree = "<group>"; };
/* End PBXFileReference section */

/* Begin PBXFrameworksBuildPhase section */
		7B2878A721F710EC005B850A /* Frameworks */ = {
			isa = PBXFrameworksBuildPhase;
			buildActionMask = 2147483647;
			files = (
			);
			runOnlyForDeploymentPostprocessing = 0;
		};
/* End PBXFrameworksBuildPhase section */

/* Begin PBXGroup section */
		7B2878A121F710EB005B850A = {
			isa = PBXGroup;
			children = (
				7B2878AC21F710EC005B850A /* Medics */,
				7B2878AB21F710EC005B850A /* Products */,
			);
			sourceTree = "<group>";
		};
		7B2878AB21F710EC005B850A /* Products */ = {
			isa = PBXGroup;
			children = (
				7B2878AA21F710EC005B850A /* Medics.app */,
			);
			name = Products;
			sourceTree = "<group>";
		};
		7B2878AC21F710EC005B850A /* Medics */ = {
			isa = PBXGroup;
			children = (
				7B2878AD21F710EC005B850A /* AppDelegate.swift */,
				7B2878AF21F710EC005B850A /* SignInVC.swift */,
				7B2878C221F76786005B850A /* ContinueVC.swift */,
				7B3A06AC21F8677300405C52 /* SignUpVC.swift */,
				7B3A06B021F8AF0A00405C52 /* CalendarViewController.swift */,
				7B3A06AE21F8680D00405C52 /* ResetPasswordVC.swift */,
				7B2878B121F710EC005B850A /* Main.storyboard */,
				7B2878B721F710F1005B850A /* Assets.xcassets */,
				7B2878B921F710F1005B850A /* LaunchScreen.storyboard */,
				7B2878BC21F710F1005B850A /* Info.plist */,
				7B2878B421F710EC005B850A /* Medics.xcdatamodeld */,
				770D157321F86E2B005A6B40 /* Doctor.storyboard */,
			);
			path = Medics;
			sourceTree = "<group>";
		};
/* End PBXGroup section */

/* Begin PBXNativeTarget section */
		7B2878A921F710EC005B850A /* Medics */ = {
			isa = PBXNativeTarget;
			buildConfigurationList = 7B2878BF21F710F1005B850A /* Build configuration list for PBXNativeTarget "Medics" */;
			buildPhases = (
				7B2878A621F710EC005B850A /* Sources */,
				7B2878A721F710EC005B850A /* Frameworks */,
				7B2878A821F710EC005B850A /* Resources */,
			);
			buildRules = (
			);
			dependencies = (
			);
			name = Medics;
			productName = Medics;
			productReference = 7B2878AA21F710EC005B850A /* Medics.app */;
			productType = "com.apple.product-type.application";
		};
/* End PBXNativeTarget section */

/* Begin PBXProject section */
		7B2878A221F710EB005B850A /* Project object */ = {
			isa = PBXProject;
			attributes = {
				LastSwiftUpdateCheck = 1010;
				LastUpgradeCheck = 1010;
				ORGANIZATIONNAME = "Lilianna Kinakh";
				TargetAttributes = {
					7B2878A921F710EC005B850A = {
						CreatedOnToolsVersion = 10.1;
					};
				};
			};
			buildConfigurationList = 7B2878A521F710EB005B850A /* Build configuration list for PBXProject "Medics" */;
			compatibilityVersion = "Xcode 9.3";
			developmentRegion = en;
			hasScannedForEncodings = 0;
			knownRegions = (
				en,
				Base,
			);
			mainGroup = 7B2878A121F710EB005B850A;
			productRefGroup = 7B2878AB21F710EC005B850A /* Products */;
			projectDirPath = "";
			projectRoot = "";
			targets = (
				7B2878A921F710EC005B850A /* Medics */,
			);
		};
/* End PBXProject section */

/* Begin PBXResourcesBuildPhase section */
		7B2878A821F710EC005B850A /* Resources */ = {
			isa = PBXResourcesBuildPhase;
			buildActionMask = 2147483647;
			files = (
				7B2878BB21F710F1005B850A /* LaunchScreen.storyboard in Resources */,
				7B2878B821F710F1005B850A /* Assets.xcassets in Resources */,
				7B2878B321F710EC005B850A /* Main.storyboard in Resources */,
				770D157421F86E2B005A6B40 /* Doctor.storyboard in Resources */,
			);
			runOnlyForDeploymentPostprocessing = 0;
		};
/* End PBXResourcesBuildPhase section */

/* Begin PBXSourcesBuildPhase section */
		7B2878A621F710EC005B850A /* Sources */ = {
			isa = PBXSourcesBuildPhase;
			buildActionMask = 2147483647;
			files = (
				7B2878C321F76786005B850A /* ContinueVC.swift in Sources */,
				7B2878B621F710EC005B850A /* Medics.xcdatamodeld in Sources */,
				7B2878B021F710EC005B850A /* SignInVC.swift in Sources */,
				7B3A06AD21F8677300405C52 /* SignUpVC.swift in Sources */,
				7B2878AE21F710EC005B850A /* AppDelegate.swift in Sources */,
				7B3A06B121F8AF0A00405C52 /* CalendarViewController.swift in Sources */,
				7B3A06AF21F8680D00405C52 /* ResetPasswordVC.swift in Sources */,
			);
			runOnlyForDeploymentPostprocessing = 0;
		};
/* End PBXSourcesBuildPhase section */

/* Begin PBXVariantGroup section */
		7B2878B121F710EC005B850A /* Main.storyboard */ = {
			isa = PBXVariantGroup;
			children = (
				7B2878B221F710EC005B850A /* Base */,
			);
			name = Main.storyboard;
			sourceTree = "<group>";
		};
		7B2878B921F710F1005B850A /* LaunchScreen.storyboard */ = {
			isa = PBXVariantGroup;
			children = (
				7B2878BA21F710F1005B850A /* Base */,
			);
			name = LaunchScreen.storyboard;
			sourceTree = "<group>";
		};
/* End PBXVariantGroup section */

/* Begin XCBuildConfiguration section */
		7B2878BD21F710F1005B850A /* Debug */ = {
			isa = XCBuildConfiguration;
			buildSettings = {
				ALWAYS_SEARCH_USER_PATHS = NO;
				CLANG_ANALYZER_NONNULL = YES;
				CLANG_ANALYZER_NUMBER_OBJECT_CONVERSION = YES_AGGRESSIVE;
				CLANG_CXX_LANGUAGE_STANDARD = "gnu++14";
				CLANG_CXX_LIBRARY = "libc++";
				CLANG_ENABLE_MODULES = YES;
				CLANG_ENABLE_OBJC_ARC = YES;
				CLANG_ENABLE_OBJC_WEAK = YES;
				CLANG_WARN_BLOCK_CAPTURE_AUTORELEASING = YES;
				CLANG_WARN_BOOL_CONVERSION = YES;
				CLANG_WARN_COMMA = YES;
				CLANG_WARN_CONSTANT_CONVERSION = YES;
				CLANG_WARN_DEPRECATED_OBJC_IMPLEMENTATIONS = YES;
				CLANG_WARN_DIRECT_OBJC_ISA_USAGE = YES_ERROR;
				CLANG_WARN_DOCUMENTATION_COMMENTS = YES;
				CLANG_WARN_EMPTY_BODY = YES;
				CLANG_WARN_ENUM_CONVERSION = YES;
				CLANG_WARN_INFINITE_RECURSION = YES;
				CLANG_WARN_INT_CONVERSION = YES;
				CLANG_WARN_NON_LITERAL_NULL_CONVERSION = YES;
				CLANG_WARN_OBJC_IMPLICIT_RETAIN_SELF = YES;
				CLANG_WARN_OBJC_LITERAL_CONVERSION = YES;
				CLANG_WARN_OBJC_ROOT_CLASS = YES_ERROR;
				CLANG_WARN_RANGE_LOOP_ANALYSIS = YES;
				CLANG_WARN_STRICT_PROTOTYPES = YES;
				CLANG_WARN_SUSPICIOUS_MOVE = YES;
				CLANG_WARN_UNGUARDED_AVAILABILITY = YES_AGGRESSIVE;
				CLANG_WARN_UNREACHABLE_CODE = YES;
				CLANG_WARN__DUPLICATE_METHOD_MATCH = YES;
				CODE_SIGN_IDENTITY = "iPhone Developer";
				COPY_PHASE_STRIP = NO;
				DEBUG_INFORMATION_FORMAT = dwarf;
				ENABLE_STRICT_OBJC_MSGSEND = YES;
				ENABLE_TESTABILITY = YES;
				GCC_C_LANGUAGE_STANDARD = gnu11;
				GCC_DYNAMIC_NO_PIC = NO;
				GCC_NO_COMMON_BLOCKS = YES;
				GCC_OPTIMIZATION_LEVEL = 0;
				GCC_PREPROCESSOR_DEFINITIONS = (
					"DEBUG=1",
					"$(inherited)",
				);
				GCC_WARN_64_TO_32_BIT_CONVERSION = YES;
				GCC_WARN_ABOUT_RETURN_TYPE = YES_ERROR;
				GCC_WARN_UNDECLARED_SELECTOR = YES;
				GCC_WARN_UNINITIALIZED_AUTOS = YES_AGGRESSIVE;
				GCC_WARN_UNUSED_FUNCTION = YES;
				GCC_WARN_UNUSED_VARIABLE = YES;
				IPHONEOS_DEPLOYMENT_TARGET = 12.1;
				MTL_ENABLE_DEBUG_INFO = INCLUDE_SOURCE;
				MTL_FAST_MATH = YES;
				ONLY_ACTIVE_ARCH = YES;
				SDKROOT = iphoneos;
				SWIFT_ACTIVE_COMPILATION_CONDITIONS = DEBUG;
				SWIFT_OPTIMIZATION_LEVEL = "-Onone";
			};
			name = Debug;
		};
		7B2878BE21F710F1005B850A /* Release */ = {
			isa = XCBuildConfiguration;
			buildSettings = {
				ALWAYS_SEARCH_USER_PATHS = NO;
				CLANG_ANALYZER_NONNULL = YES;
				CLANG_ANALYZER_NUMBER_OBJECT_CONVERSION = YES_AGGRESSIVE;
				CLANG_CXX_LANGUAGE_STANDARD = "gnu++14";
				CLANG_CXX_LIBRARY = "libc++";
				CLANG_ENABLE_MODULES = YES;
				CLANG_ENABLE_OBJC_ARC = YES;
				CLANG_ENABLE_OBJC_WEAK = YES;
				CLANG_WARN_BLOCK_CAPTURE_AUTORELEASING = YES;
				CLANG_WARN_BOOL_CONVERSION = YES;
				CLANG_WARN_COMMA = YES;
				CLANG_WARN_CONSTANT_CONVERSION = YES;
				CLANG_WARN_DEPRECATED_OBJC_IMPLEMENTATIONS = YES;
				CLANG_WARN_DIRECT_OBJC_ISA_USAGE = YES_ERROR;
				CLANG_WARN_DOCUMENTATION_COMMENTS = YES;
				CLANG_WARN_EMPTY_BODY = YES;
				CLANG_WARN_ENUM_CONVERSION = YES;
				CLANG_WARN_INFINITE_RECURSION = YES;
				CLANG_WARN_INT_CONVERSION = YES;
				CLANG_WARN_NON_LITERAL_NULL_CONVERSION = YES;
				CLANG_WARN_OBJC_IMPLICIT_RETAIN_SELF = YES;
				CLANG_WARN_OBJC_LITERAL_CONVERSION = YES;
				CLANG_WARN_OBJC_ROOT_CLASS = YES_ERROR;
				CLANG_WARN_RANGE_LOOP_ANALYSIS = YES;
				CLANG_WARN_STRICT_PROTOTYPES = YES;
				CLANG_WARN_SUSPICIOUS_MOVE = YES;
				CLANG_WARN_UNGUARDED_AVAILABILITY = YES_AGGRESSIVE;
				CLANG_WARN_UNREACHABLE_CODE = YES;
				CLANG_WARN__DUPLICATE_METHOD_MATCH = YES;
				CODE_SIGN_IDENTITY = "iPhone Developer";
				COPY_PHASE_STRIP = NO;
				DEBUG_INFORMATION_FORMAT = "dwarf-with-dsym";
				ENABLE_NS_ASSERTIONS = NO;
				ENABLE_STRICT_OBJC_MSGSEND = YES;
				GCC_C_LANGUAGE_STANDARD = gnu11;
				GCC_NO_COMMON_BLOCKS = YES;
				GCC_WARN_64_TO_32_BIT_CONVERSION = YES;
				GCC_WARN_ABOUT_RETURN_TYPE = YES_ERROR;
				GCC_WARN_UNDECLARED_SELECTOR = YES;
				GCC_WARN_UNINITIALIZED_AUTOS = YES_AGGRESSIVE;
				GCC_WARN_UNUSED_FUNCTION = YES;
				GCC_WARN_UNUSED_VARIABLE = YES;
				IPHONEOS_DEPLOYMENT_TARGET = 12.1;
				MTL_ENABLE_DEBUG_INFO = NO;
				MTL_FAST_MATH = YES;
				SDKROOT = iphoneos;
				SWIFT_COMPILATION_MODE = wholemodule;
				SWIFT_OPTIMIZATION_LEVEL = "-O";
				VALIDATE_PRODUCT = YES;
			};
			name = Release;
		};
		7B2878C021F710F1005B850A /* Debug */ = {
			isa = XCBuildConfiguration;
			buildSettings = {
				ASSETCATALOG_COMPILER_APPICON_NAME = AppIcon;
				CODE_SIGN_STYLE = Automatic;
				DEVELOPMENT_TEAM = 6SN3R2DE34;
				INFOPLIST_FILE = Medics/Info.plist;
				LD_RUNPATH_SEARCH_PATHS = (
					"$(inherited)",
					"@executable_path/Frameworks",
				);
				PRODUCT_BUNDLE_IDENTIFIER = "com.ucu-ios-course.Medics";
				PRODUCT_NAME = "$(TARGET_NAME)";
				SWIFT_VERSION = 4.2;
				TARGETED_DEVICE_FAMILY = "1,2";
			};
			name = Debug;
		};
		7B2878C121F710F1005B850A /* Release */ = {
			isa = XCBuildConfiguration;
			buildSettings = {
				ASSETCATALOG_COMPILER_APPICON_NAME = AppIcon;
				CODE_SIGN_STYLE = Automatic;
				DEVELOPMENT_TEAM = 6SN3R2DE34;
				INFOPLIST_FILE = Medics/Info.plist;
				LD_RUNPATH_SEARCH_PATHS = (
					"$(inherited)",
					"@executable_path/Frameworks",
				);
				PRODUCT_BUNDLE_IDENTIFIER = "com.ucu-ios-course.Medics";
				PRODUCT_NAME = "$(TARGET_NAME)";
				SWIFT_VERSION = 4.2;
				TARGETED_DEVICE_FAMILY = "1,2";
			};
			name = Release;
		};
/* End XCBuildConfiguration section */

/* Begin XCConfigurationList section */
		7B2878A521F710EB005B850A /* Build configuration list for PBXProject "Medics" */ = {
			isa = XCConfigurationList;
			buildConfigurations = (
				7B2878BD21F710F1005B850A /* Debug */,
				7B2878BE21F710F1005B850A /* Release */,
			);
			defaultConfigurationIsVisible = 0;
			defaultConfigurationName = Release;
		};
		7B2878BF21F710F1005B850A /* Build configuration list for PBXNativeTarget "Medics" */ = {
			isa = XCConfigurationList;
			buildConfigurations = (
				7B2878C021F710F1005B850A /* Debug */,
				7B2878C121F710F1005B850A /* Release */,
			);
			defaultConfigurationIsVisible = 0;
			defaultConfigurationName = Release;
		};
/* End XCConfigurationList section */

/* Begin XCVersionGroup section */
		7B2878B421F710EC005B850A /* Medics.xcdatamodeld */ = {
			isa = XCVersionGroup;
			children = (
				7B2878B521F710EC005B850A /* Medics.xcdatamodel */,
			);
			currentVersion = 7B2878B521F710EC005B850A /* Medics.xcdatamodel */;
			path = Medics.xcdatamodeld;
			sourceTree = "<group>";
			versionGroupType = wrapper.xcdatamodel;
		};
/* End XCVersionGroup section */
	};
	rootObject = 7B2878A221F710EB005B850A /* Project object */;
}
